
Microsoft Visual Studio Solution File, Format Version 12.00
# Visual Studio 15
Project("{FAE04EC0-301F-11D3-BF4B-00C04F79EFBC}") = "AstarPathfindingProjectEditor", "AstarPathfindingProjectEditor.csproj", "{3D9CE5DC-E580-04FB-D3E6-2DD5077198A5}"
EndProject
Project("{FAE04EC0-301F-11D3-BF4B-00C04F79EFBC}") = "AstarPathfindingProject", "AstarPathfindingProject.csproj", "{8BCC847F-4B15-B12F-6BD3-5CAF2738AB2E}"
EndProject
Project("{FAE04EC0-301F-11D3-BF4B-00C04F79EFBC}") = "Assembly-CSharp", "Assembly-CSharp.csproj", "{2B0A82BF-999A-9934-9BBD-BB9F2D5A278B}"
EndProject
Project("{FAE04EC0-301F-11D3-BF4B-00C04F79EFBC}") = "PackageToolsEditor", "PackageToolsEditor.csproj", "{5BD525D4-854A-F99B-5A70-E3A186B60274}"
EndProject
Global
	GlobalSection(SolutionConfigurationPlatforms) = preSolution
		Debug|Any CPU = Debug|Any CPU
		Release|Any CPU = Release|Any CPU
	EndGlobalSection
	GlobalSection(ProjectConfigurationPlatforms) = postSolution
		{3D9CE5DC-E580-04FB-D3E6-2DD5077198A5}.Debug|Any CPU.ActiveCfg = Debug|Any CPU
		{3D9CE5DC-E580-04FB-D3E6-2DD5077198A5}.Debug|Any CPU.Build.0 = Debug|Any CPU
		{3D9CE5DC-E580-04FB-D3E6-2DD5077198A5}.Release|Any CPU.ActiveCfg = Release|Any CPU
		{3D9CE5DC-E580-04FB-D3E6-2DD5077198A5}.Release|Any CPU.Build.0 = Release|Any CPU
		{8BCC847F-4B15-B12F-6BD3-5CAF2738AB2E}.Debug|Any CPU.ActiveCfg = Debug|Any CPU
		{8BCC847F-4B15-B12F-6BD3-5CAF2738AB2E}.Debug|Any CPU.Build.0 = Debug|Any CPU
		{8BCC847F-4B15-B12F-6BD3-5CAF2738AB2E}.Release|Any CPU.ActiveCfg = Release|Any CPU
		{8BCC847F-4B15-B12F-6BD3-5CAF2738AB2E}.Release|Any CPU.Build.0 = Release|Any CPU
		{2B0A82BF-999A-9934-9BBD-BB9F2D5A278B}.Debug|Any CPU.ActiveCfg = Debug|Any CPU
		{2B0A82BF-999A-9934-9BBD-BB9F2D5A278B}.Debug|Any CPU.Build.0 = Debug|Any CPU
		{2B0A82BF-999A-9934-9BBD-BB9F2D5A278B}.Release|Any CPU.ActiveCfg = Release|Any CPU
		{2B0A82BF-999A-9934-9BBD-BB9F2D5A278B}.Release|Any CPU.Build.0 = Release|Any CPU
		{5BD525D4-854A-F99B-5A70-E3A186B60274}.Debug|Any CPU.ActiveCfg = Debug|Any CPU
		{5BD525D4-854A-F99B-5A70-E3A186B60274}.Debug|Any CPU.Build.0 = Debug|Any CPU
		{5BD525D4-854A-F99B-5A70-E3A186B60274}.Release|Any CPU.ActiveCfg = Release|Any CPU
		{5BD525D4-854A-F99B-5A70-E3A186B60274}.Release|Any CPU.Build.0 = Release|Any CPU
	EndGlobalSection
	GlobalSection(SolutionProperties) = preSolution
		HideSolutionNode = FALSE
	EndGlobalSection
EndGlobal
