
Microsoft Visual Studio Solution File, Format Version 12.00
# Visual Studio 15
Project("{FAE04EC0-301F-11D3-BF4B-00C04F79EFBC}") = "AstarPathfindingProjectEditor", "AstarPathfindingProjectEditor.csproj", "{051195BB-3CDE-3F14-B8E5-C5415FA7926A}"
EndProject
Project("{FAE04EC0-301F-11D3-BF4B-00C04F79EFBC}") = "AstarPathfindingProject", "AstarPathfindingProject.csproj", "{53FF0569-642D-BC7E-BBD3-2B69DFDE08D7}"
EndProject
Project("{FAE04EC0-301F-11D3-BF4B-00C04F79EFBC}") = "Assembly-CSharp", "Assembly-CSharp.csproj", "{8BE2C99C-360E-2B0B-C773-0E366B352813}"
EndProject
Project("{FAE04EC0-301F-11D3-BF4B-00C04F79EFBC}") = "PackageToolsEditor", "PackageToolsEditor.csproj", "{76A9EE6E-12DB-ACD1-5CB5-213ABE549848}"
EndProject
Global
	GlobalSection(SolutionConfigurationPlatforms) = preSolution
		Debug|Any CPU = Debug|Any CPU
		Release|Any CPU = Release|Any CPU
	EndGlobalSection
	GlobalSection(ProjectConfigurationPlatforms) = postSolution
		{051195BB-3CDE-3F14-B8E5-C5415FA7926A}.Debug|Any CPU.ActiveCfg = Debug|Any CPU
		{051195BB-3CDE-3F14-B8E5-C5415FA7926A}.Debug|Any CPU.Build.0 = Debug|Any CPU
		{051195BB-3CDE-3F14-B8E5-C5415FA7926A}.Release|Any CPU.ActiveCfg = Release|Any CPU
		{051195BB-3CDE-3F14-B8E5-C5415FA7926A}.Release|Any CPU.Build.0 = Release|Any CPU
		{53FF0569-642D-BC7E-BBD3-2B69DFDE08D7}.Debug|Any CPU.ActiveCfg = Debug|Any CPU
		{53FF0569-642D-BC7E-BBD3-2B69DFDE08D7}.Debug|Any CPU.Build.0 = Debug|Any CPU
		{53FF0569-642D-BC7E-BBD3-2B69DFDE08D7}.Release|Any CPU.ActiveCfg = Release|Any CPU
		{53FF0569-642D-BC7E-BBD3-2B69DFDE08D7}.Release|Any CPU.Build.0 = Release|Any CPU
		{8BE2C99C-360E-2B0B-C773-0E366B352813}.Debug|Any CPU.ActiveCfg = Debug|Any CPU
		{8BE2C99C-360E-2B0B-C773-0E366B352813}.Debug|Any CPU.Build.0 = Debug|Any CPU
		{8BE2C99C-360E-2B0B-C773-0E366B352813}.Release|Any CPU.ActiveCfg = Release|Any CPU
		{8BE2C99C-360E-2B0B-C773-0E366B352813}.Release|Any CPU.Build.0 = Release|Any CPU
		{76A9EE6E-12DB-ACD1-5CB5-213ABE549848}.Debug|Any CPU.ActiveCfg = Debug|Any CPU
		{76A9EE6E-12DB-ACD1-5CB5-213ABE549848}.Debug|Any CPU.Build.0 = Debug|Any CPU
		{76A9EE6E-12DB-ACD1-5CB5-213ABE549848}.Release|Any CPU.ActiveCfg = Release|Any CPU
		{76A9EE6E-12DB-ACD1-5CB5-213ABE549848}.Release|Any CPU.Build.0 = Release|Any CPU
	EndGlobalSection
	GlobalSection(SolutionProperties) = preSolution
		HideSolutionNode = FALSE
	EndGlobalSection
EndGlobal
